
Microsoft Visual Studio Solution File, Format Version 12.00
# Visual Studio Version 16
VisualStudioVersion = 16.0.32228.343
MinimumVisualStudioVersion = 10.0.40219.1
Project("{9A19103F-16F7-4668-BE54-9A1E7A4F7556}") = "EShop.DAL", "EShop.DAL\EShop.DAL.csproj", "{6080F1A7-B64D-422F-818B-7CC1424B1BFD}"
EndProject
Project("{9A19103F-16F7-4668-BE54-9A1E7A4F7556}") = "EShop.BLL", "EShop.BLL\EShop.BLL.csproj", "{9DB9F015-775D-40E1-81DE-9EFBC9895FC9}"
EndProject
Project("{9A19103F-16F7-4668-BE54-9A1E7A4F7556}") = "EShop.WebAdmin", "EShop.WebAdmin\EShop.WebAdmin.csproj", "{F1648647-88F3-4DF0-AF2F-5F80BDE69F69}"
EndProject
Project("{9A19103F-16F7-4668-BE54-9A1E7A4F7556}") = "EShop.WebAPI", "EShop.WebAPI\EShop.WebAPI.csproj", "{A1F9A641-8710-47E4-9467-9866D50672D0}"
EndProject
Project("{FAE04EC0-301F-11D3-BF4B-00C04F79EFBC}") = "EShop.UI", "EShop.UI\EShop.UI.csproj", "{EF76F1FE-AFA8-4013-9E18-861A2F9C0CD8}"
EndProject
Global
	GlobalSection(SolutionConfigurationPlatforms) = preSolution
		Debug|Any CPU = Debug|Any CPU
		Release|Any CPU = Release|Any CPU
	EndGlobalSection
	GlobalSection(ProjectConfigurationPlatforms) = postSolution
		{6080F1A7-B64D-422F-818B-7CC1424B1BFD}.Debug|Any CPU.ActiveCfg = Debug|Any CPU
		{6080F1A7-B64D-422F-818B-7CC1424B1BFD}.Debug|Any CPU.Build.0 = Debug|Any CPU
		{6080F1A7-B64D-422F-818B-7CC1424B1BFD}.Release|Any CPU.ActiveCfg = Release|Any CPU
		{6080F1A7-B64D-422F-818B-7CC1424B1BFD}.Release|Any CPU.Build.0 = Release|Any CPU
		{9DB9F015-775D-40E1-81DE-9EFBC9895FC9}.Debug|Any CPU.ActiveCfg = Debug|Any CPU
		{9DB9F015-775D-40E1-81DE-9EFBC9895FC9}.Debug|Any CPU.Build.0 = Debug|Any CPU
		{9DB9F015-775D-40E1-81DE-9EFBC9895FC9}.Release|Any CPU.ActiveCfg = Release|Any CPU
		{9DB9F015-775D-40E1-81DE-9EFBC9895FC9}.Release|Any CPU.Build.0 = Release|Any CPU
		{F1648647-88F3-4DF0-AF2F-5F80BDE69F69}.Debug|Any CPU.ActiveCfg = Debug|Any CPU
		{F1648647-88F3-4DF0-AF2F-5F80BDE69F69}.Debug|Any CPU.Build.0 = Debug|Any CPU
		{F1648647-88F3-4DF0-AF2F-5F80BDE69F69}.Release|Any CPU.ActiveCfg = Release|Any CPU
		{F1648647-88F3-4DF0-AF2F-5F80BDE69F69}.Release|Any CPU.Build.0 = Release|Any CPU
		{A1F9A641-8710-47E4-9467-9866D50672D0}.Debug|Any CPU.ActiveCfg = Debug|Any CPU
		{A1F9A641-8710-47E4-9467-9866D50672D0}.Debug|Any CPU.Build.0 = Debug|Any CPU
		{A1F9A641-8710-47E4-9467-9866D50672D0}.Release|Any CPU.ActiveCfg = Release|Any CPU
		{A1F9A641-8710-47E4-9467-9866D50672D0}.Release|Any CPU.Build.0 = Release|Any CPU
		{EF76F1FE-AFA8-4013-9E18-861A2F9C0CD8}.Debug|Any CPU.ActiveCfg = Debug|Any CPU
		{EF76F1FE-AFA8-4013-9E18-861A2F9C0CD8}.Debug|Any CPU.Build.0 = Debug|Any CPU
		{EF76F1FE-AFA8-4013-9E18-861A2F9C0CD8}.Release|Any CPU.ActiveCfg = Release|Any CPU
		{EF76F1FE-AFA8-4013-9E18-861A2F9C0CD8}.Release|Any CPU.Build.0 = Release|Any CPU
	EndGlobalSection
	GlobalSection(SolutionProperties) = preSolution
		HideSolutionNode = FALSE
	EndGlobalSection
	GlobalSection(ExtensibilityGlobals) = postSolution
		SolutionGuid = {6F82FC0E-27B8-49CC-81DF-61AEE78849D1}
	EndGlobalSection
EndGlobal
